
Microsoft Visual Studio Solution File, Format Version 12.00
# Visual Studio Version 17
VisualStudioVersion = 17.5.002.0
MinimumVisualStudioVersion = 10.0.40219.1
Project("{9A19103F-16F7-4668-BE54-9A1E7A4F7556}") = "Novin.Library.Backend.API", "Novin.Library.Backend.API.csproj", "{AB52F58D-B92E-47EA-A616-F4BECE2519E1}"
EndProject
Global
	GlobalSection(SolutionConfigurationPlatforms) = preSolution
		Debug|Any CPU = Debug|Any CPU
		Release|Any CPU = Release|Any CPU
	EndGlobalSection
	GlobalSection(ProjectConfigurationPlatforms) = postSolution
		{AB52F58D-B92E-47EA-A616-F4BECE2519E1}.Debug|Any CPU.ActiveCfg = Debug|Any CPU
		{AB52F58D-B92E-47EA-A616-F4BECE2519E1}.Debug|Any CPU.Build.0 = Debug|Any CPU
		{AB52F58D-B92E-47EA-A616-F4BECE2519E1}.Release|Any CPU.ActiveCfg = Release|Any CPU
		{AB52F58D-B92E-47EA-A616-F4BECE2519E1}.Release|Any CPU.Build.0 = Release|Any CPU
	EndGlobalSection
	GlobalSection(SolutionProperties) = preSolution
		HideSolutionNode = FALSE
	EndGlobalSection
	GlobalSection(ExtensibilityGlobals) = postSolution
		SolutionGuid = {7563AD5E-96AA-43D7-A025-8146FE159A1E}
	EndGlobalSection
EndGlobal
